
Microsoft Visual Studio Solution File, Format Version 12.00
# Visual Studio Version 17
VisualStudioVersion = 17.14.36127.28
MinimumVisualStudioVersion = 10.0.40219.1
Project("{FAE04EC0-301F-11D3-BF4B-00C04F79EFBC}") = "FinControl", "FinControl\FinControl.csproj", "{5ED0D240-4803-F305-FAE2-B177300F10E1}"
EndProject
Global
	GlobalSection(SolutionConfigurationPlatforms) = preSolution
		Debug|Any CPU = Debug|Any CPU
		Release|Any CPU = Release|Any CPU
	EndGlobalSection
	GlobalSection(ProjectConfigurationPlatforms) = postSolution
		{5ED0D240-4803-F305-FAE2-B177300F10E1}.Debug|Any CPU.ActiveCfg = Debug|Any CPU
		{5ED0D240-4803-F305-FAE2-B177300F10E1}.Debug|Any CPU.Build.0 = Debug|Any CPU
		{5ED0D240-4803-F305-FAE2-B177300F10E1}.Release|Any CPU.ActiveCfg = Release|Any CPU
		{5ED0D240-4803-F305-FAE2-B177300F10E1}.Release|Any CPU.Build.0 = Release|Any CPU
	EndGlobalSection
	GlobalSection(SolutionProperties) = preSolution
		HideSolutionNode = FALSE
	EndGlobalSection
	GlobalSection(ExtensibilityGlobals) = postSolution
		SolutionGuid = {9CB0A712-7168-49DC-B415-0369ECB02DBF}
	EndGlobalSection
EndGlobal
